
Microsoft Visual Studio Solution File, Format Version 12.00
# Visual Studio Version 17
VisualStudioVersion = 17.8.34408.163
MinimumVisualStudioVersion = 10.0.40219.1
Project("{FAE04EC0-301F-11D3-BF4B-00C04F79EFBC}") = "Mission06_DoLago", "Mission06_DoLago\Mission06_DoLago.csproj", "{E9E81EC1-3EC4-4EB7-B44E-5A337A4CFD32}"
EndProject
Global
	GlobalSection(SolutionConfigurationPlatforms) = preSolution
		Debug|Any CPU = Debug|Any CPU
		Release|Any CPU = Release|Any CPU
	EndGlobalSection
	GlobalSection(ProjectConfigurationPlatforms) = postSolution
		{E9E81EC1-3EC4-4EB7-B44E-5A337A4CFD32}.Debug|Any CPU.ActiveCfg = Debug|Any CPU
		{E9E81EC1-3EC4-4EB7-B44E-5A337A4CFD32}.Debug|Any CPU.Build.0 = Debug|Any CPU
		{E9E81EC1-3EC4-4EB7-B44E-5A337A4CFD32}.Release|Any CPU.ActiveCfg = Release|Any CPU
		{E9E81EC1-3EC4-4EB7-B44E-5A337A4CFD32}.Release|Any CPU.Build.0 = Release|Any CPU
	EndGlobalSection
	GlobalSection(SolutionProperties) = preSolution
		HideSolutionNode = FALSE
	EndGlobalSection
	GlobalSection(ExtensibilityGlobals) = postSolution
		SolutionGuid = {8BC005EE-B06C-4981-8731-B5D280D6EE6B}
	EndGlobalSection
EndGlobal
